
Microsoft Visual Studio Solution File, Format Version 12.00
# Visual Studio 15
VisualStudioVersion = 15.0.26124.0
MinimumVisualStudioVersion = 15.0.26124.0
Project("{9A19103F-16F7-4668-BE54-9A1E7A4F7556}") = "ToucanTesting.Data", "ToucanTesting.Data\ToucanTesting.Data.csproj", "{4EF557B0-017F-41A2-B403-18582F90DFB8}"
EndProject
Project("{9A19103F-16F7-4668-BE54-9A1E7A4F7556}") = "ToucanTesting.Tests", "ToucanTesting.Tests\ToucanTesting.Tests.csproj", "{B6890EBB-52D6-4D62-AF97-8DD0264B3E03}"
EndProject
Project("{FAE04EC0-301F-11D3-BF4B-00C04F79EFBC}") = "ToucanTesting.Web", "ToucanTesting.Web\ToucanTesting.Web.csproj", "{7C06DACD-6D19-49DD-B47A-5C40122F13AF}"
EndProject
Global
	GlobalSection(SolutionConfigurationPlatforms) = preSolution
		Debug|Any CPU = Debug|Any CPU
		Debug|x64 = Debug|x64
		Debug|x86 = Debug|x86
		Release|Any CPU = Release|Any CPU
		Release|x64 = Release|x64
		Release|x86 = Release|x86
	EndGlobalSection
	GlobalSection(ProjectConfigurationPlatforms) = postSolution
		{4EF557B0-017F-41A2-B403-18582F90DFB8}.Debug|Any CPU.ActiveCfg = Debug|Any CPU
		{4EF557B0-017F-41A2-B403-18582F90DFB8}.Debug|Any CPU.Build.0 = Debug|Any CPU
		{4EF557B0-017F-41A2-B403-18582F90DFB8}.Debug|x64.ActiveCfg = Debug|Any CPU
		{4EF557B0-017F-41A2-B403-18582F90DFB8}.Debug|x64.Build.0 = Debug|Any CPU
		{4EF557B0-017F-41A2-B403-18582F90DFB8}.Debug|x86.ActiveCfg = Debug|Any CPU
		{4EF557B0-017F-41A2-B403-18582F90DFB8}.Debug|x86.Build.0 = Debug|Any CPU
		{4EF557B0-017F-41A2-B403-18582F90DFB8}.Release|Any CPU.ActiveCfg = Release|Any CPU
		{4EF557B0-017F-41A2-B403-18582F90DFB8}.Release|Any CPU.Build.0 = Release|Any CPU
		{4EF557B0-017F-41A2-B403-18582F90DFB8}.Release|x64.ActiveCfg = Release|Any CPU
		{4EF557B0-017F-41A2-B403-18582F90DFB8}.Release|x64.Build.0 = Release|Any CPU
		{4EF557B0-017F-41A2-B403-18582F90DFB8}.Release|x86.ActiveCfg = Release|Any CPU
		{4EF557B0-017F-41A2-B403-18582F90DFB8}.Release|x86.Build.0 = Release|Any CPU
		{B6890EBB-52D6-4D62-AF97-8DD0264B3E03}.Debug|Any CPU.ActiveCfg = Debug|Any CPU
		{B6890EBB-52D6-4D62-AF97-8DD0264B3E03}.Debug|Any CPU.Build.0 = Debug|Any CPU
		{B6890EBB-52D6-4D62-AF97-8DD0264B3E03}.Debug|x64.ActiveCfg = Debug|Any CPU
		{B6890EBB-52D6-4D62-AF97-8DD0264B3E03}.Debug|x64.Build.0 = Debug|Any CPU
		{B6890EBB-52D6-4D62-AF97-8DD0264B3E03}.Debug|x86.ActiveCfg = Debug|Any CPU
		{B6890EBB-52D6-4D62-AF97-8DD0264B3E03}.Debug|x86.Build.0 = Debug|Any CPU
		{B6890EBB-52D6-4D62-AF97-8DD0264B3E03}.Release|Any CPU.ActiveCfg = Release|Any CPU
		{B6890EBB-52D6-4D62-AF97-8DD0264B3E03}.Release|Any CPU.Build.0 = Release|Any CPU
		{B6890EBB-52D6-4D62-AF97-8DD0264B3E03}.Release|x64.ActiveCfg = Release|Any CPU
		{B6890EBB-52D6-4D62-AF97-8DD0264B3E03}.Release|x64.Build.0 = Release|Any CPU
		{B6890EBB-52D6-4D62-AF97-8DD0264B3E03}.Release|x86.ActiveCfg = Release|Any CPU
		{B6890EBB-52D6-4D62-AF97-8DD0264B3E03}.Release|x86.Build.0 = Release|Any CPU
		{7C06DACD-6D19-49DD-B47A-5C40122F13AF}.Debug|Any CPU.ActiveCfg = Debug|Any CPU
		{7C06DACD-6D19-49DD-B47A-5C40122F13AF}.Debug|Any CPU.Build.0 = Debug|Any CPU
		{7C06DACD-6D19-49DD-B47A-5C40122F13AF}.Debug|x64.ActiveCfg = Debug|Any CPU
		{7C06DACD-6D19-49DD-B47A-5C40122F13AF}.Debug|x64.Build.0 = Debug|Any CPU
		{7C06DACD-6D19-49DD-B47A-5C40122F13AF}.Debug|x86.ActiveCfg = Debug|Any CPU
		{7C06DACD-6D19-49DD-B47A-5C40122F13AF}.Debug|x86.Build.0 = Debug|Any CPU
		{7C06DACD-6D19-49DD-B47A-5C40122F13AF}.Release|Any CPU.ActiveCfg = Release|Any CPU
		{7C06DACD-6D19-49DD-B47A-5C40122F13AF}.Release|Any CPU.Build.0 = Release|Any CPU
		{7C06DACD-6D19-49DD-B47A-5C40122F13AF}.Release|x64.ActiveCfg = Release|Any CPU
		{7C06DACD-6D19-49DD-B47A-5C40122F13AF}.Release|x64.Build.0 = Release|Any CPU
		{7C06DACD-6D19-49DD-B47A-5C40122F13AF}.Release|x86.ActiveCfg = Release|Any CPU
		{7C06DACD-6D19-49DD-B47A-5C40122F13AF}.Release|x86.Build.0 = Release|Any CPU
	EndGlobalSection
	GlobalSection(SolutionProperties) = preSolution
		HideSolutionNode = FALSE
	EndGlobalSection
	GlobalSection(ExtensibilityGlobals) = postSolution
		SolutionGuid = {E688E503-A809-440D-BFE9-6D018AD234EF}
	EndGlobalSection
EndGlobal
