
Microsoft Visual Studio Solution File, Format Version 12.00
# Visual Studio 15
VisualStudioVersion = 15.0.26124.0
MinimumVisualStudioVersion = 15.0.26124.0
Project("{9A19103F-16F7-4668-BE54-9A1E7A4F7556}") = "ToucanTesting.Domain", "ToucanTesting.Domain\ToucanTesting.Domain.csproj", "{BD416592-2010-4D4E-B437-C1584700C30A}"
EndProject
Project("{9A19103F-16F7-4668-BE54-9A1E7A4F7556}") = "ToucanTesting.Domain.Tests", "ToucanTesting.Domain.Tests\ToucanTesting.Domain.Tests.csproj", "{A0EE4233-C2E5-4659-AB15-5C9DC368BB85}"
EndProject
Project("{9A19103F-16F7-4668-BE54-9A1E7A4F7556}") = "ToucanTesting.Persistence", "ToucanTesting.Persistence\ToucanTesting.Persistence.csproj", "{AC15A524-C67C-457A-860E-0E535B90C797}"
EndProject
Project("{9A19103F-16F7-4668-BE54-9A1E7A4F7556}") = "ToucanTesting.Web", "ToucanTesting.Web\ToucanTesting.Web.csproj", "{3D39E77C-E79D-42F6-A605-2C1AE9EFA645}"
EndProject
Project("{2150E333-8FDC-42A3-9474-1A3956D46DE8}") = "Tests", "Tests", "{8E3CC100-1936-4E4C-B4CA-E97AABDA8B2C}"
EndProject
Project("{2150E333-8FDC-42A3-9474-1A3956D46DE8}") = "Infrastructure", "Infrastructure", "{A3A1F466-55E1-4BA9-B53B-E2895A743618}"
EndProject
Project("{2150E333-8FDC-42A3-9474-1A3956D46DE8}") = "Presentation", "Presentation", "{A53C318A-7385-4324-AD96-FF07197797F8}"
EndProject
Project("{2150E333-8FDC-42A3-9474-1A3956D46DE8}") = "Core", "Core", "{2B1AF976-0AF8-4BE8-8810-3FCD59707102}"
EndProject
Project("{FAE04EC0-301F-11D3-BF4B-00C04F79EFBC}") = "ToucanTesting.Application", "ToucanTesting.Application\ToucanTesting.Application.csproj", "{EEFE9262-D1E9-47A7-9817-E24D444E795E}"
EndProject
Global
	GlobalSection(SolutionConfigurationPlatforms) = preSolution
		Debug|Any CPU = Debug|Any CPU
		Debug|x64 = Debug|x64
		Debug|x86 = Debug|x86
		Release|Any CPU = Release|Any CPU
		Release|x64 = Release|x64
		Release|x86 = Release|x86
	EndGlobalSection
	GlobalSection(ProjectConfigurationPlatforms) = postSolution
		{BD416592-2010-4D4E-B437-C1584700C30A}.Debug|Any CPU.ActiveCfg = Debug|Any CPU
		{BD416592-2010-4D4E-B437-C1584700C30A}.Debug|Any CPU.Build.0 = Debug|Any CPU
		{BD416592-2010-4D4E-B437-C1584700C30A}.Debug|x64.ActiveCfg = Debug|Any CPU
		{BD416592-2010-4D4E-B437-C1584700C30A}.Debug|x64.Build.0 = Debug|Any CPU
		{BD416592-2010-4D4E-B437-C1584700C30A}.Debug|x86.ActiveCfg = Debug|Any CPU
		{BD416592-2010-4D4E-B437-C1584700C30A}.Debug|x86.Build.0 = Debug|Any CPU
		{BD416592-2010-4D4E-B437-C1584700C30A}.Release|Any CPU.ActiveCfg = Release|Any CPU
		{BD416592-2010-4D4E-B437-C1584700C30A}.Release|Any CPU.Build.0 = Release|Any CPU
		{BD416592-2010-4D4E-B437-C1584700C30A}.Release|x64.ActiveCfg = Release|Any CPU
		{BD416592-2010-4D4E-B437-C1584700C30A}.Release|x64.Build.0 = Release|Any CPU
		{BD416592-2010-4D4E-B437-C1584700C30A}.Release|x86.ActiveCfg = Release|Any CPU
		{BD416592-2010-4D4E-B437-C1584700C30A}.Release|x86.Build.0 = Release|Any CPU
		{A0EE4233-C2E5-4659-AB15-5C9DC368BB85}.Debug|Any CPU.ActiveCfg = Debug|Any CPU
		{A0EE4233-C2E5-4659-AB15-5C9DC368BB85}.Debug|Any CPU.Build.0 = Debug|Any CPU
		{A0EE4233-C2E5-4659-AB15-5C9DC368BB85}.Debug|x64.ActiveCfg = Debug|Any CPU
		{A0EE4233-C2E5-4659-AB15-5C9DC368BB85}.Debug|x64.Build.0 = Debug|Any CPU
		{A0EE4233-C2E5-4659-AB15-5C9DC368BB85}.Debug|x86.ActiveCfg = Debug|Any CPU
		{A0EE4233-C2E5-4659-AB15-5C9DC368BB85}.Debug|x86.Build.0 = Debug|Any CPU
		{A0EE4233-C2E5-4659-AB15-5C9DC368BB85}.Release|Any CPU.ActiveCfg = Release|Any CPU
		{A0EE4233-C2E5-4659-AB15-5C9DC368BB85}.Release|Any CPU.Build.0 = Release|Any CPU
		{A0EE4233-C2E5-4659-AB15-5C9DC368BB85}.Release|x64.ActiveCfg = Release|Any CPU
		{A0EE4233-C2E5-4659-AB15-5C9DC368BB85}.Release|x64.Build.0 = Release|Any CPU
		{A0EE4233-C2E5-4659-AB15-5C9DC368BB85}.Release|x86.ActiveCfg = Release|Any CPU
		{A0EE4233-C2E5-4659-AB15-5C9DC368BB85}.Release|x86.Build.0 = Release|Any CPU
		{AC15A524-C67C-457A-860E-0E535B90C797}.Debug|Any CPU.ActiveCfg = Debug|Any CPU
		{AC15A524-C67C-457A-860E-0E535B90C797}.Debug|Any CPU.Build.0 = Debug|Any CPU
		{AC15A524-C67C-457A-860E-0E535B90C797}.Debug|x64.ActiveCfg = Debug|Any CPU
		{AC15A524-C67C-457A-860E-0E535B90C797}.Debug|x64.Build.0 = Debug|Any CPU
		{AC15A524-C67C-457A-860E-0E535B90C797}.Debug|x86.ActiveCfg = Debug|Any CPU
		{AC15A524-C67C-457A-860E-0E535B90C797}.Debug|x86.Build.0 = Debug|Any CPU
		{AC15A524-C67C-457A-860E-0E535B90C797}.Release|Any CPU.ActiveCfg = Release|Any CPU
		{AC15A524-C67C-457A-860E-0E535B90C797}.Release|Any CPU.Build.0 = Release|Any CPU
		{AC15A524-C67C-457A-860E-0E535B90C797}.Release|x64.ActiveCfg = Release|Any CPU
		{AC15A524-C67C-457A-860E-0E535B90C797}.Release|x64.Build.0 = Release|Any CPU
		{AC15A524-C67C-457A-860E-0E535B90C797}.Release|x86.ActiveCfg = Release|Any CPU
		{AC15A524-C67C-457A-860E-0E535B90C797}.Release|x86.Build.0 = Release|Any CPU
		{3D39E77C-E79D-42F6-A605-2C1AE9EFA645}.Debug|Any CPU.ActiveCfg = Debug|Any CPU
		{3D39E77C-E79D-42F6-A605-2C1AE9EFA645}.Debug|Any CPU.Build.0 = Debug|Any CPU
		{3D39E77C-E79D-42F6-A605-2C1AE9EFA645}.Debug|x64.ActiveCfg = Debug|Any CPU
		{3D39E77C-E79D-42F6-A605-2C1AE9EFA645}.Debug|x64.Build.0 = Debug|Any CPU
		{3D39E77C-E79D-42F6-A605-2C1AE9EFA645}.Debug|x86.ActiveCfg = Debug|Any CPU
		{3D39E77C-E79D-42F6-A605-2C1AE9EFA645}.Debug|x86.Build.0 = Debug|Any CPU
		{3D39E77C-E79D-42F6-A605-2C1AE9EFA645}.Release|Any CPU.ActiveCfg = Release|Any CPU
		{3D39E77C-E79D-42F6-A605-2C1AE9EFA645}.Release|Any CPU.Build.0 = Release|Any CPU
		{3D39E77C-E79D-42F6-A605-2C1AE9EFA645}.Release|x64.ActiveCfg = Release|Any CPU
		{3D39E77C-E79D-42F6-A605-2C1AE9EFA645}.Release|x64.Build.0 = Release|Any CPU
		{3D39E77C-E79D-42F6-A605-2C1AE9EFA645}.Release|x86.ActiveCfg = Release|Any CPU
		{3D39E77C-E79D-42F6-A605-2C1AE9EFA645}.Release|x86.Build.0 = Release|Any CPU
		{EEFE9262-D1E9-47A7-9817-E24D444E795E}.Debug|Any CPU.ActiveCfg = Debug|Any CPU
		{EEFE9262-D1E9-47A7-9817-E24D444E795E}.Debug|Any CPU.Build.0 = Debug|Any CPU
		{EEFE9262-D1E9-47A7-9817-E24D444E795E}.Debug|x64.ActiveCfg = Debug|Any CPU
		{EEFE9262-D1E9-47A7-9817-E24D444E795E}.Debug|x64.Build.0 = Debug|Any CPU
		{EEFE9262-D1E9-47A7-9817-E24D444E795E}.Debug|x86.ActiveCfg = Debug|Any CPU
		{EEFE9262-D1E9-47A7-9817-E24D444E795E}.Debug|x86.Build.0 = Debug|Any CPU
		{EEFE9262-D1E9-47A7-9817-E24D444E795E}.Release|Any CPU.ActiveCfg = Release|Any CPU
		{EEFE9262-D1E9-47A7-9817-E24D444E795E}.Release|Any CPU.Build.0 = Release|Any CPU
		{EEFE9262-D1E9-47A7-9817-E24D444E795E}.Release|x64.ActiveCfg = Release|Any CPU
		{EEFE9262-D1E9-47A7-9817-E24D444E795E}.Release|x64.Build.0 = Release|Any CPU
		{EEFE9262-D1E9-47A7-9817-E24D444E795E}.Release|x86.ActiveCfg = Release|Any CPU
		{EEFE9262-D1E9-47A7-9817-E24D444E795E}.Release|x86.Build.0 = Release|Any CPU
	EndGlobalSection
	GlobalSection(SolutionProperties) = preSolution
		HideSolutionNode = FALSE
	EndGlobalSection
	GlobalSection(NestedProjects) = preSolution
		{BD416592-2010-4D4E-B437-C1584700C30A} = {2B1AF976-0AF8-4BE8-8810-3FCD59707102}
		{A0EE4233-C2E5-4659-AB15-5C9DC368BB85} = {8E3CC100-1936-4E4C-B4CA-E97AABDA8B2C}
		{AC15A524-C67C-457A-860E-0E535B90C797} = {A3A1F466-55E1-4BA9-B53B-E2895A743618}
		{3D39E77C-E79D-42F6-A605-2C1AE9EFA645} = {A53C318A-7385-4324-AD96-FF07197797F8}
		{EEFE9262-D1E9-47A7-9817-E24D444E795E} = {2B1AF976-0AF8-4BE8-8810-3FCD59707102}
	EndGlobalSection
	GlobalSection(ExtensibilityGlobals) = postSolution
		SolutionGuid = {846E482D-C78A-49BA-8195-003053F88E25}
	EndGlobalSection
EndGlobal
